Microsoft Visual Studio Solution File, Format Version 12.00
# Visual Studio Version 17
VisualStudioVersion = 17.5.2.0
MinimumVisualStudioVersion = 10.0.40219.1
Project("{FAE04EC0-301F-11D3-BF4B-00C04F79EFBC}") = "codingQuestions", "codingQuestions.csproj", "{B55E3335-114E-4EE8-8020-220814039826}"
EndProject
Global
	GlobalSection(SolutionConfigurationPlatforms) = preSolution
		Debug|Any CPU = Debug|Any CPU
		Release|Any CPU = Release|Any CPU
	EndGlobalSection
	GlobalSection(ProjectConfigurationPlatforms) = postSolution
		{B55E3335-114E-4EE8-8020-220814039826}.Debug|Any CPU.ActiveCfg = Debug|Any CPU
		{B55E3335-114E-4EE8-8020-220814039826}.Debug|Any CPU.Build.0 = Debug|Any CPU
		{B55E3335-114E-4EE8-8020-220814039826}.Release|Any CPU.ActiveCfg = Release|Any CPU
		{B55E3335-114E-4EE8-8020-220814039826}.Release|Any CPU.Build.0 = Release|Any CPU
	EndGlobalSection
	GlobalSection(SolutionProperties) = preSolution
		HideSolutionNode = FALSE
	EndGlobalSection
	GlobalSection(ExtensibilityGlobals) = postSolution
		SolutionGuid = {09EB932A-4003-4D49-8967-85B63A0D50D3}
	EndGlobalSection
EndGlobal
